
Microsoft Visual Studio Solution File, Format Version 12.00
# Visual Studio Version 17
VisualStudioVersion = 17.6.33829.357
MinimumVisualStudioVersion = 10.0.40219.1
Project("{FAE04EC0-301F-11D3-BF4B-00C04F79EFBC}") = "C-SHARP-TINHLAINGANHANG", "C-SHARP-TINHLAINGANHANG.csproj", "{B44ED364-EF57-4D9C-9F86-DD029D8FCE0C}"
EndProject
Global
	GlobalSection(SolutionConfigurationPlatforms) = preSolution
		Debug|Any CPU = Debug|Any CPU
		Release|Any CPU = Release|Any CPU
	EndGlobalSection
	GlobalSection(ProjectConfigurationPlatforms) = postSolution
		{B44ED364-EF57-4D9C-9F86-DD029D8FCE0C}.Debug|Any CPU.ActiveCfg = Debug|Any CPU
		{B44ED364-EF57-4D9C-9F86-DD029D8FCE0C}.Debug|Any CPU.Build.0 = Debug|Any CPU
		{B44ED364-EF57-4D9C-9F86-DD029D8FCE0C}.Release|Any CPU.ActiveCfg = Release|Any CPU
		{B44ED364-EF57-4D9C-9F86-DD029D8FCE0C}.Release|Any CPU.Build.0 = Release|Any CPU
	EndGlobalSection
	GlobalSection(SolutionProperties) = preSolution
		HideSolutionNode = FALSE
	EndGlobalSection
	GlobalSection(ExtensibilityGlobals) = postSolution
		SolutionGuid = {736AC454-8E9A-473F-8D32-B4F413FFF50A}
	EndGlobalSection
EndGlobal
